// !$*UTF8*$!
{
	archiveVersion = 1;
	classes = {
	};
	objectVersion = 46;
	objects = {

/* Begin PBXBuildFile section */
		B9416BCC1D067B6200F6BE79 /* Save.storyboard in Resources */ = {isa = PBXBuildFile; fileRef = B9416BCB1D067B6200F6BE79 /* Save.storyboard */; };
		B9416BCE1D06822C00F6BE79 /* ProgressController.swift in Sources */ = {isa = PBXBuildFile; fileRef = B9416BCD1D06822C00F6BE79 /* ProgressController.swift */; };
		B9416BD31D06952400F6BE79 /* AchievementsController.swift in Sources */ = {isa = PBXBuildFile; fileRef = B9416BD21D06952400F6BE79 /* AchievementsController.swift */; };
		B9416BD51D0695A000F6BE79 /* PortfolioController.swift in Sources */ = {isa = PBXBuildFile; fileRef = B9416BD41D0695A000F6BE79 /* PortfolioController.swift */; };
		B9416BD71D0695C600F6BE79 /* Invest.storyboard in Resources */ = {isa = PBXBuildFile; fileRef = B9416BD61D0695C600F6BE79 /* Invest.storyboard */; };
		B9416BD81D0789A500F6BE79 /* Gotham-Bold.otf in Resources */ = {isa = PBXBuildFile; fileRef = B9416BCF1D068BBD00F6BE79 /* Gotham-Bold.otf */; };
		B98A9C1B1D029E7300817B55 /* Gotham-Light.otf in Resources */ = {isa = PBXBuildFile; fileRef = B98A9C1A1D029E7300817B55 /* Gotham-Light.otf */; };
		B98A9C1C1D029E9A00817B55 /* Gotham-Light.otf in Resources */ = {isa = PBXBuildFile; fileRef = B98A9C1A1D029E7300817B55 /* Gotham-Light.otf */; };
		B98A9C1D1D029E9B00817B55 /* Gotham-Light.otf in Resources */ = {isa = PBXBuildFile; fileRef = B98A9C1A1D029E7300817B55 /* Gotham-Light.otf */; };
		B98A9C201D02A12F00817B55 /* Splash.storyboard in Resources */ = {isa = PBXBuildFile; fileRef = B98A9C1E1D02A12F00817B55 /* Splash.storyboard */; };
		B9B49AD91D02ADD900D14E94 /* CreateAccount.storyboard in Resources */ = {isa = PBXBuildFile; fileRef = B9B49AD81D02ADD900D14E94 /* CreateAccount.storyboard */; };
		B9B915C21D0A38FC00CE5C26 /* Achievements.storyboard in Resources */ = {isa = PBXBuildFile; fileRef = B9B915C11D0A38FC00CE5C26 /* Achievements.storyboard */; };
		B9B915D31D0A67F000CE5C26 /* AchievementListTableController.swift in Sources */ = {isa = PBXBuildFile; fileRef = B9B915D21D0A67F000CE5C26 /* AchievementListTableController.swift */; };
		B9B915D51D0A761200CE5C26 /* AchievementsList.swift in Sources */ = {isa = PBXBuildFile; fileRef = B9B915D41D0A761200CE5C26 /* AchievementsList.swift */; };
		B9B915D71D0A793500CE5C26 /* AchievementListTableViewCell.swift in Sources */ = {isa = PBXBuildFile; fileRef = B9B915D61D0A793500CE5C26 /* AchievementListTableViewCell.swift */; };
		B9B915DA1D0A8CED00CE5C26 /* ProgressBar.swift in Sources */ = {isa = PBXBuildFile; fileRef = B9B915D91D0A8CED00CE5C26 /* ProgressBar.swift */; };
		B9BA80721CFE890A005D89C4 /* AppDelegate.swift in Sources */ = {isa = PBXBuildFile; fileRef = B9BA80711CFE890A005D89C4 /* AppDelegate.swift */; };
		B9BA80741CFE890A005D89C4 /* ViewController.swift in Sources */ = {isa = PBXBuildFile; fileRef = B9BA80731CFE890A005D89C4 /* ViewController.swift */; };
		B9BA80791CFE890A005D89C4 /* Assets.xcassets in Resources */ = {isa = PBXBuildFile; fileRef = B9BA80781CFE890A005D89C4 /* Assets.xcassets */; };
		B9BA80871CFE890C005D89C4 /* SproutTests.swift in Sources */ = {isa = PBXBuildFile; fileRef = B9BA80861CFE890C005D89C4 /* SproutTests.swift */; };
		B9BA80921CFE890C005D89C4 /* SproutUITests.swift in Sources */ = {isa = PBXBuildFile; fileRef = B9BA80911CFE890C005D89C4 /* SproutUITests.swift */; };
		B9E516E01D0BCACB00C84521 /* AchievementMenuPageViewController.swift in Sources */ = {isa = PBXBuildFile; fileRef = B9E516DF1D0BCACB00C84521 /* AchievementMenuPageViewController.swift */; };
		B9E516E21D0C7F3900C84521 /* AchievementShortTermTableController.swift in Sources */ = {isa = PBXBuildFile; fileRef = B9E516E11D0C7F3900C84521 /* AchievementShortTermTableController.swift */; };
		B9E516E41D0C808200C84521 /* AchievementLongTermTableController.swift in Sources */ = {isa = PBXBuildFile; fileRef = B9E516E31D0C808200C84521 /* AchievementLongTermTableController.swift */; };
		B9F42F151D0DD19400ACD249 /* MenuButtonViewController.swift in Sources */ = {isa = PBXBuildFile; fileRef = B9F42F141D0DD19400ACD249 /* MenuButtonViewController.swift */; };
		B9F42F191D0DD89D00ACD249 /* SWRevealViewController.m in Sources */ = {isa = PBXBuildFile; fileRef = B9F42F181D0DD89D00ACD249 /* SWRevealViewController.m */; };
		B9F42F1B1D0DD8E000ACD249 /* MainScreen.storyboard in Resources */ = {isa = PBXBuildFile; fileRef = B9F42F1A1D0DD8E000ACD249 /* MainScreen.storyboard */; };
		B9F42F1D1D10119300ACD249 /* SWMainMenuTableViewController.swift in Sources */ = {isa = PBXBuildFile; fileRef = B9F42F1C1D10119300ACD249 /* SWMainMenuTableViewController.swift */; };
/* End PBXBuildFile section */

/* Begin PBXContainerItemProxy section */
		B9BA80831CFE890C005D89C4 /* PBXContainerItemProxy */ = {
			isa = PBXContainerItemProxy;
			containerPortal = B9BA80661CFE8909005D89C4 /* Project object */;
			proxyType = 1;
			remoteGlobalIDString = B9BA806D1CFE890A005D89C4;
			remoteInfo = Sprout;
		};
		B9BA808E1CFE890C005D89C4 /* PBXContainerItemProxy */ = {
			isa = PBXContainerItemProxy;
			containerPortal = B9BA80661CFE8909005D89C4 /* Project object */;
			proxyType = 1;
			remoteGlobalIDString = B9BA806D1CFE890A005D89C4;
			remoteInfo = Sprout;
		};
/* End PBXContainerItemProxy section */

/* Begin PBXFileReference section */
		B9416BCB1D067B6200F6BE79 /* Save.storyboard */ = {isa = PBXFileReference; fileEncoding = 4; lastKnownFileType = file.storyboard; path = Save.storyboard; sourceTree = "<group>"; };
		B9416BCD1D06822C00F6BE79 /* ProgressController.swift */ = {isa = PBXFileReference; fileEncoding = 4; lastKnownFileType = sourcecode.swift; path = ProgressController.swift; sourceTree = "<group>"; };
		B9416BCF1D068BBD00F6BE79 /* Gotham-Bold.otf */ = {isa = PBXFileReference; lastKnownFileType = file; path = "Gotham-Bold.otf"; sourceTree = "<group>"; };
		B9416BD21D06952400F6BE79 /* AchievementsController.swift */ = {isa = PBXFileReference; fileEncoding = 4; lastKnownFileType = sourcecode.swift; path = AchievementsController.swift; sourceTree = "<group>"; };
		B9416BD41D0695A000F6BE79 /* PortfolioController.swift */ = {isa = PBXFileReference; fileEncoding = 4; lastKnownFileType = sourcecode.swift; path = PortfolioController.swift; sourceTree = "<group>"; };
		B9416BD61D0695C600F6BE79 /* Invest.storyboard */ = {isa = PBXFileReference; fileEncoding = 4; lastKnownFileType = file.storyboard; path = Invest.storyboard; sourceTree = "<group>"; };
		B98A9C1A1D029E7300817B55 /* Gotham-Light.otf */ = {isa = PBXFileReference; lastKnownFileType = file; path = "Gotham-Light.otf"; sourceTree = "<group>"; };
		B98A9C1F1D02A12F00817B55 /* Base */ = {isa = PBXFileReference; lastKnownFileType = file.storyboard; name = Base; path = Base.lproj/Splash.storyboard; sourceTree = "<group>"; };
		B9B49AD81D02ADD900D14E94 /* CreateAccount.storyboard */ = {isa = PBXFileReference; fileEncoding = 4; lastKnownFileType = file.storyboard; path = CreateAccount.storyboard; sourceTree = "<group>"; };
		B9B915C11D0A38FC00CE5C26 /* Achievements.storyboard */ = {isa = PBXFileReference; fileEncoding = 4; lastKnownFileType = file.storyboard; path = Achievements.storyboard; sourceTree = "<group>"; };
		B9B915D21D0A67F000CE5C26 /* AchievementListTableController.swift */ = {isa = PBXFileReference; fileEncoding = 4; lastKnownFileType = sourcecode.swift; path = AchievementListTableController.swift; sourceTree = "<group>"; };
		B9B915D41D0A761200CE5C26 /* AchievementsList.swift */ = {isa = PBXFileReference; fileEncoding = 4; lastKnownFileType = sourcecode.swift; path = AchievementsList.swift; sourceTree = "<group>"; };
		B9B915D61D0A793500CE5C26 /* AchievementListTableViewCell.swift */ = {isa = PBXFileReference; fileEncoding = 4; lastKnownFileType = sourcecode.swift; path = AchievementListTableViewCell.swift; sourceTree = "<group>"; };
		B9B915D91D0A8CED00CE5C26 /* ProgressBar.swift */ = {isa = PBXFileReference; fileEncoding = 4; lastKnownFileType = sourcecode.swift; path = ProgressBar.swift; sourceTree = "<group>"; };
		B9BA806E1CFE890A005D89C4 /* Sprout.app */ = {isa = PBXFileReference; explicitFileType = wrapper.application; includeInIndex = 0; path = Sprout.app; sourceTree = BUILT_PRODUCTS_DIR; };
		B9BA80711CFE890A005D89C4 /* AppDelegate.swift */ = {isa = PBXFileReference; lastKnownFileType = sourcecode.swift; path = AppDelegate.swift; sourceTree = "<group>"; };
		B9BA80731CFE890A005D89C4 /* ViewController.swift */ = {isa = PBXFileReference; explicitFileType = sourcecode.swift; path = ViewController.swift; sourceTree = "<group>"; };
		B9BA80781CFE890A005D89C4 /* Assets.xcassets */ = {isa = PBXFileReference; lastKnownFileType = folder.assetcatalog; name = Assets.xcassets; path = Sprout/Assets.xcassets; sourceTree = "<group>"; };
		B9BA807D1CFE890B005D89C4 /* Info.plist */ = {isa = PBXFileReference; lastKnownFileType = text.plist.xml; name = Info.plist; path = Sprout/Info.plist; sourceTree = "<group>"; };
		B9BA80821CFE890C005D89C4 /* SproutTests.xctest */ = {isa = PBXFileReference; explicitFileType = wrapper.cfbundle; includeInIndex = 0; path = SproutTests.xctest; sourceTree = BUILT_PRODUCTS_DIR; };
		B9BA80861CFE890C005D89C4 /* SproutTests.swift */ = {isa = PBXFileReference; lastKnownFileType = sourcecode.swift; path = SproutTests.swift; sourceTree = "<group>"; };
		B9BA80881CFE890C005D89C4 /* Info.plist */ = {isa = PBXFileReference; lastKnownFileType = text.plist.xml; path = Info.plist; sourceTree = "<group>"; };
		B9BA808D1CFE890C005D89C4 /* SproutUITests.xctest */ = {isa = PBXFileReference; explicitFileType = wrapper.cfbundle; includeInIndex = 0; path = SproutUITests.xctest; sourceTree = BUILT_PRODUCTS_DIR; };
		B9BA80911CFE890C005D89C4 /* SproutUITests.swift */ = {isa = PBXFileReference; lastKnownFileType = sourcecode.swift; path = SproutUITests.swift; sourceTree = "<group>"; };
		B9BA80931CFE890C005D89C4 /* Info.plist */ = {isa = PBXFileReference; lastKnownFileType = text.plist.xml; path = Info.plist; sourceTree = "<group>"; };
		B9E516DF1D0BCACB00C84521 /* AchievementMenuPageViewController.swift */ = {isa = PBXFileReference; fileEncoding = 4; lastKnownFileType = sourcecode.swift; path = AchievementMenuPageViewController.swift; sourceTree = "<group>"; };
		B9E516E11D0C7F3900C84521 /* AchievementShortTermTableController.swift */ = {isa = PBXFileReference; fileEncoding = 4; lastKnownFileType = sourcecode.swift; path = AchievementShortTermTableController.swift; sourceTree = "<group>"; };
		B9E516E31D0C808200C84521 /* AchievementLongTermTableController.swift */ = {isa = PBXFileReference; fileEncoding = 4; lastKnownFileType = sourcecode.swift; path = AchievementLongTermTableController.swift; sourceTree = "<group>"; };
		B9F42F141D0DD19400ACD249 /* MenuButtonViewController.swift */ = {isa = PBXFileReference; fileEncoding = 4; lastKnownFileType = sourcecode.swift; path = MenuButtonViewController.swift; sourceTree = "<group>"; };
		B9F42F161D0DD89C00ACD249 /* Sprout-Bridging-Header.h */ = {isa = PBXFileReference; lastKnownFileType = sourcecode.c.h; path = "Sprout-Bridging-Header.h"; sourceTree = "<group>"; };
		B9F42F171D0DD89D00ACD249 /* SWRevealViewController.h */ = {isa = PBXFileReference; fileEncoding = 4; lastKnownFileType = sourcecode.c.h; path = SWRevealViewController.h; sourceTree = "<group>"; };
		B9F42F181D0DD89D00ACD249 /* SWRevealViewController.m */ = {isa = PBXFileReference; fileEncoding = 4; lastKnownFileType = sourcecode.c.objc; path = SWRevealViewController.m; sourceTree = "<group>"; };
		B9F42F1A1D0DD8E000ACD249 /* MainScreen.storyboard */ = {isa = PBXFileReference; fileEncoding = 4; lastKnownFileType = file.storyboard; path = MainScreen.storyboard; sourceTree = "<group>"; };
		B9F42F1C1D10119300ACD249 /* SWMainMenuTableViewController.swift */ = {isa = PBXFileReference; fileEncoding = 4; lastKnownFileType = sourcecode.swift; path = SWMainMenuTableViewController.swift; sourceTree = "<group>"; };
/* End PBXFileReference section */

/* Begin PBXFrameworksBuildPhase section */
		B9BA806B1CFE890A005D89C4 /* Frameworks */ = {
			isa = PBXFrameworksBuildPhase;
			buildActionMask = 2147483647;
			files = (
			);
			runOnlyForDeploymentPostprocessing = 0;
		};
		B9BA807F1CFE890C005D89C4 /* Frameworks */ = {
			isa = PBXFrameworksBuildPhase;
			buildActionMask = 2147483647;
			files = (
			);
			runOnlyForDeploymentPostprocessing = 0;
		};
		B9BA808A1CFE890C005D89C4 /* Frameworks */ = {
			isa = PBXFrameworksBuildPhase;
			buildActionMask = 2147483647;
			files = (
			);
			runOnlyForDeploymentPostprocessing = 0;
		};
/* End PBXFrameworksBuildPhase section */

/* Begin PBXGroup section */
		B98A9C171D029DB200817B55 /* Resources */ = {
			isa = PBXGroup;
			children = (
				B9416BCF1D068BBD00F6BE79 /* Gotham-Bold.otf */,
				B98A9C1A1D029E7300817B55 /* Gotham-Light.otf */,
			);
			name = Resources;
			sourceTree = "<group>";
		};
		B9B915C31D0A393900CE5C26 /* Sprout Views */ = {
			isa = PBXGroup;
			children = (
				B9F42F1A1D0DD8E000ACD249 /* MainScreen.storyboard */,
				B9B49AD81D02ADD900D14E94 /* CreateAccount.storyboard */,
				B9B915C11D0A38FC00CE5C26 /* Achievements.storyboard */,
				B9416BCB1D067B6200F6BE79 /* Save.storyboard */,
				B9416BD61D0695C600F6BE79 /* Invest.storyboard */,
				B98A9C1E1D02A12F00817B55 /* Splash.storyboard */,
			);
			name = "Sprout Views";
			path = Sprout;
			sourceTree = "<group>";
		};
		B9B915D81D0A8B2600CE5C26 /* Achievement */ = {
			isa = PBXGroup;
			children = (
				B9416BD21D06952400F6BE79 /* AchievementsController.swift */,
				B9B915D41D0A761200CE5C26 /* AchievementsList.swift */,
				B9B915D61D0A793500CE5C26 /* AchievementListTableViewCell.swift */,
				B9B915D21D0A67F000CE5C26 /* AchievementListTableController.swift */,
				B9E516E11D0C7F3900C84521 /* AchievementShortTermTableController.swift */,
				B9E516E31D0C808200C84521 /* AchievementLongTermTableController.swift */,
				B9E516DF1D0BCACB00C84521 /* AchievementMenuPageViewController.swift */,
			);
			name = Achievement;
			sourceTree = "<group>";
		};
		B9BA80651CFE8909005D89C4 = {
			isa = PBXGroup;
			children = (
				B9BA80701CFE890A005D89C4 /* Sprout Code */,
				B9B915C31D0A393900CE5C26 /* Sprout Views */,
				B9BA80781CFE890A005D89C4 /* Assets.xcassets */,
				B9BA807D1CFE890B005D89C4 /* Info.plist */,
				B9BA80851CFE890C005D89C4 /* SproutTests */,
				B9BA80901CFE890C005D89C4 /* SproutUITests */,
				B9BA806F1CFE890A005D89C4 /* Products */,
				B98A9C171D029DB200817B55 /* Resources */,
			);
			sourceTree = "<group>";
		};
		B9BA806F1CFE890A005D89C4 /* Products */ = {
			isa = PBXGroup;
			children = (
				B9BA806E1CFE890A005D89C4 /* Sprout.app */,
				B9BA80821CFE890C005D89C4 /* SproutTests.xctest */,
				B9BA808D1CFE890C005D89C4 /* SproutUITests.xctest */,
			);
			name = Products;
			sourceTree = "<group>";
		};
		B9BA80701CFE890A005D89C4 /* Sprout Code */ = {
			isa = PBXGroup;
			children = (
				B9F42F131D0DD12D00ACD249 /* System */,
				B9BA80731CFE890A005D89C4 /* ViewController.swift */,
				B9416BD41D0695A000F6BE79 /* PortfolioController.swift */,
				B9416BCD1D06822C00F6BE79 /* ProgressController.swift */,
				B9B915D81D0A8B2600CE5C26 /* Achievement */,
			);
			name = "Sprout Code";
			path = Sprout;
			sourceTree = "<group>";
		};
		B9BA80851CFE890C005D89C4 /* SproutTests */ = {
			isa = PBXGroup;
			children = (
				B9BA80861CFE890C005D89C4 /* SproutTests.swift */,
				B9BA80881CFE890C005D89C4 /* Info.plist */,
			);
			path = SproutTests;
			sourceTree = "<group>";
		};
		B9BA80901CFE890C005D89C4 /* SproutUITests */ = {
			isa = PBXGroup;
			children = (
				B9BA80911CFE890C005D89C4 /* SproutUITests.swift */,
				B9BA80931CFE890C005D89C4 /* Info.plist */,
			);
			path = SproutUITests;
			sourceTree = "<group>";
		};
		B9F42F131D0DD12D00ACD249 /* System */ = {
			isa = PBXGroup;
			children = (
				B9F42F1C1D10119300ACD249 /* SWMainMenuTableViewController.swift */,
				B9F42F171D0DD89D00ACD249 /* SWRevealViewController.h */,
				B9F42F181D0DD89D00ACD249 /* SWRevealViewController.m */,
				B9F42F141D0DD19400ACD249 /* MenuButtonViewController.swift */,
				B9BA80711CFE890A005D89C4 /* AppDelegate.swift */,
				B9B915D91D0A8CED00CE5C26 /* ProgressBar.swift */,
				B9F42F161D0DD89C00ACD249 /* Sprout-Bridging-Header.h */,
			);
			name = System;
			sourceTree = "<group>";
		};
/* End PBXGroup section */

/* Begin PBXNativeTarget section */
		B9BA806D1CFE890A005D89C4 /* Sprout */ = {
			isa = PBXNativeTarget;
			buildConfigurationList = B9BA80961CFE890C005D89C4 /* Build configuration list for PBXNativeTarget "Sprout" */;
			buildPhases = (
				B9BA806A1CFE890A005D89C4 /* Sources */,
				B9BA806B1CFE890A005D89C4 /* Frameworks */,
				B9BA806C1CFE890A005D89C4 /* Resources */,
			);
			buildRules = (
			);
			dependencies = (
			);
			name = Sprout;
			productName = Sprout;
			productReference = B9BA806E1CFE890A005D89C4 /* Sprout.app */;
			productType = "com.apple.product-type.application";
		};
		B9BA80811CFE890C005D89C4 /* SproutTests */ = {
			isa = PBXNativeTarget;
			buildConfigurationList = B9BA80991CFE890C005D89C4 /* Build configuration list for PBXNativeTarget "SproutTests" */;
			buildPhases = (
				B9BA807E1CFE890C005D89C4 /* Sources */,
				B9BA807F1CFE890C005D89C4 /* Frameworks */,
				B9BA80801CFE890C005D89C4 /* Resources */,
			);
			buildRules = (
			);
			dependencies = (
				B9BA80841CFE890C005D89C4 /* PBXTargetDependency */,
			);
			name = SproutTests;
			productName = SproutTests;
			productReference = B9BA80821CFE890C005D89C4 /* SproutTests.xctest */;
			productType = "com.apple.product-type.bundle.unit-test";
		};
		B9BA808C1CFE890C005D89C4 /* SproutUITests */ = {
			isa = PBXNativeTarget;
			buildConfigurationList = B9BA809C1CFE890C005D89C4 /* Build configuration list for PBXNativeTarget "SproutUITests" */;
			buildPhases = (
				B9BA80891CFE890C005D89C4 /* Sources */,
				B9BA808A1CFE890C005D89C4 /* Frameworks */,
				B9BA808B1CFE890C005D89C4 /* Resources */,
			);
			buildRules = (
			);
			dependencies = (
				B9BA808F1CFE890C005D89C4 /* PBXTargetDependency */,
			);
			name = SproutUITests;
			productName = SproutUITests;
			productReference = B9BA808D1CFE890C005D89C4 /* SproutUITests.xctest */;
			productType = "com.apple.product-type.bundle.ui-testing";
		};
/* End PBXNativeTarget section */

/* Begin PBXProject section */
		B9BA80661CFE8909005D89C4 /* Project object */ = {
			isa = PBXProject;
			attributes = {
				LastSwiftUpdateCheck = 0730;
				LastUpgradeCheck = 0800;
				ORGANIZATIONNAME = Sprout;
				TargetAttributes = {
					B9BA806D1CFE890A005D89C4 = {
						CreatedOnToolsVersion = 7.3.1;
						DevelopmentTeam = VLSV2NXLX7;
						LastSwiftMigration = 0800;
						SystemCapabilities = {
							com.apple.DataProtection = {
								enabled = 1;
							};
							com.apple.Push = {
								enabled = 0;
							};
						};
					};
					B9BA80811CFE890C005D89C4 = {
						CreatedOnToolsVersion = 7.3.1;
						LastSwiftMigration = 0800;
						TestTargetID = B9BA806D1CFE890A005D89C4;
					};
					B9BA808C1CFE890C005D89C4 = {
						CreatedOnToolsVersion = 7.3.1;
						LastSwiftMigration = 0800;
						TestTargetID = B9BA806D1CFE890A005D89C4;
					};
				};
			};
			buildConfigurationList = B9BA80691CFE8909005D89C4 /* Build configuration list for PBXProject "Sprout" */;
			compatibilityVersion = "Xcode 3.2";
			developmentRegion = English;
			hasScannedForEncodings = 0;
			knownRegions = (
				en,
				Base,
			);
			mainGroup = B9BA80651CFE8909005D89C4;
			productRefGroup = B9BA806F1CFE890A005D89C4 /* Products */;
			projectDirPath = "";
			projectRoot = "";
			targets = (
				B9BA806D1CFE890A005D89C4 /* Sprout */,
				B9BA80811CFE890C005D89C4 /* SproutTests */,
				B9BA808C1CFE890C005D89C4 /* SproutUITests */,
			);
		};
/* End PBXProject section */

/* Begin PBXResourcesBuildPhase section */
		B9BA806C1CFE890A005D89C4 /* Resources */ = {
			isa = PBXResourcesBuildPhase;
			buildActionMask = 2147483647;
			files = (
				B9416BD81D0789A500F6BE79 /* Gotham-Bold.otf in Resources */,
				B9B49AD91D02ADD900D14E94 /* CreateAccount.storyboard in Resources */,
				B9F42F1B1D0DD8E000ACD249 /* MainScreen.storyboard in Resources */,
				B9BA80791CFE890A005D89C4 /* Assets.xcassets in Resources */,
				B9416BCC1D067B6200F6BE79 /* Save.storyboard in Resources */,
				B9416BD71D0695C600F6BE79 /* Invest.storyboard in Resources */,
				B9B915C21D0A38FC00CE5C26 /* Achievements.storyboard in Resources */,
				B98A9C201D02A12F00817B55 /* Splash.storyboard in Resources */,
				B98A9C1B1D029E7300817B55 /* Gotham-Light.otf in Resources */,
			);
			runOnlyForDeploymentPostprocessing = 0;
		};
		B9BA80801CFE890C005D89C4 /* Resources */ = {
			isa = PBXResourcesBuildPhase;
			buildActionMask = 2147483647;
			files = (
				B98A9C1C1D029E9A00817B55 /* Gotham-Light.otf in Resources */,
			);
			runOnlyForDeploymentPostprocessing = 0;
		};
		B9BA808B1CFE890C005D89C4 /* Resources */ = {
			isa = PBXResourcesBuildPhase;
			buildActionMask = 2147483647;
			files = (
				B98A9C1D1D029E9B00817B55 /* Gotham-Light.otf in Resources */,
			);
			runOnlyForDeploymentPostprocessing = 0;
		};
/* End PBXResourcesBuildPhase section */

/* Begin PBXSourcesBuildPhase section */
		B9BA806A1CFE890A005D89C4 /* Sources */ = {
			isa = PBXSourcesBuildPhase;
			buildActionMask = 2147483647;
			files = (
				B9B915D71D0A793500CE5C26 /* AchievementListTableViewCell.swift in Sources */,
				B9B915D51D0A761200CE5C26 /* AchievementsList.swift in Sources */,
				B9416BD31D06952400F6BE79 /* AchievementsController.swift in Sources */,
				B9F42F1D1D10119300ACD249 /* SWMainMenuTableViewController.swift in Sources */,
				B9E516E21D0C7F3900C84521 /* AchievementShortTermTableController.swift in Sources */,
				B9E516E41D0C808200C84521 /* AchievementLongTermTableController.swift in Sources */,
				B9416BCE1D06822C00F6BE79 /* ProgressController.swift in Sources */,
				B9B915DA1D0A8CED00CE5C26 /* ProgressBar.swift in Sources */,
				B9F42F191D0DD89D00ACD249 /* SWRevealViewController.m in Sources */,
				B9B915D31D0A67F000CE5C26 /* AchievementListTableController.swift in Sources */,
				B9BA80741CFE890A005D89C4 /* ViewController.swift in Sources */,
				B9BA80721CFE890A005D89C4 /* AppDelegate.swift in Sources */,
				B9F42F151D0DD19400ACD249 /* MenuButtonViewController.swift in Sources */,
				B9416BD51D0695A000F6BE79 /* PortfolioController.swift in Sources */,
				B9E516E01D0BCACB00C84521 /* AchievementMenuPageViewController.swift in Sources */,
			);
			runOnlyForDeploymentPostprocessing = 0;
		};
		B9BA807E1CFE890C005D89C4 /* Sources */ = {
			isa = PBXSourcesBuildPhase;
			buildActionMask = 2147483647;
			files = (
				B9BA80871CFE890C005D89C4 /* SproutTests.swift in Sources */,
			);
			runOnlyForDeploymentPostprocessing = 0;
		};
		B9BA80891CFE890C005D89C4 /* Sources */ = {
			isa = PBXSourcesBuildPhase;
			buildActionMask = 2147483647;
			files = (
				B9BA80921CFE890C005D89C4 /* SproutUITests.swift in Sources */,
			);
			runOnlyForDeploymentPostprocessing = 0;
		};
/* End PBXSourcesBuildPhase section */

/* Begin PBXTargetDependency section */
		B9BA80841CFE890C005D89C4 /* PBXTargetDependency */ = {
			isa = PBXTargetDependency;
			target = B9BA806D1CFE890A005D89C4 /* Sprout */;
			targetProxy = B9BA80831CFE890C005D89C4 /* PBXContainerItemProxy */;
		};
		B9BA808F1CFE890C005D89C4 /* PBXTargetDependency */ = {
			isa = PBXTargetDependency;
			target = B9BA806D1CFE890A005D89C4 /* Sprout */;
			targetProxy = B9BA808E1CFE890C005D89C4 /* PBXContainerItemProxy */;
		};
/* End PBXTargetDependency section */

/* Begin PBXVariantGroup section */
		B98A9C1E1D02A12F00817B55 /* Splash.storyboard */ = {
			isa = PBXVariantGroup;
			children = (
				B98A9C1F1D02A12F00817B55 /* Base */,
			);
			name = Splash.storyboard;
			sourceTree = "<group>";
		};
/* End PBXVariantGroup section */

/* Begin XCBuildConfiguration section */
		B9BA80941CFE890C005D89C4 /* Debug */ = {
			isa = XCBuildConfiguration;
			buildSettings = {
				ALWAYS_SEARCH_USER_PATHS = NO;
				CLANG_ANALYZER_NONNULL = YES;
				CLANG_CXX_LANGUAGE_STANDARD = "gnu++0x";
				CLANG_CXX_LIBRARY = "libc++";
				CLANG_ENABLE_MODULES = YES;
				CLANG_ENABLE_OBJC_ARC = YES;
				CLANG_WARN_BOOL_CONVERSION = YES;
				CLANG_WARN_CONSTANT_CONVERSION = YES;
				CLANG_WARN_DIRECT_OBJC_ISA_USAGE = YES_ERROR;
				CLANG_WARN_EMPTY_BODY = YES;
				CLANG_WARN_ENUM_CONVERSION = YES;
				CLANG_WARN_INFINITE_RECURSION = YES;
				CLANG_WARN_INT_CONVERSION = YES;
				CLANG_WARN_OBJC_ROOT_CLASS = YES_ERROR;
				CLANG_WARN_SUSPICIOUS_MOVE = YES;
				CLANG_WARN_UNREACHABLE_CODE = YES;
				CLANG_WARN__DUPLICATE_METHOD_MATCH = YES;
				"CODE_SIGN_IDENTITY[sdk=iphoneos*]" = "iPhone Developer";
				COPY_PHASE_STRIP = NO;
				DEBUG_INFORMATION_FORMAT = dwarf;
				ENABLE_STRICT_OBJC_MSGSEND = YES;
				ENABLE_TESTABILITY = YES;
				GCC_C_LANGUAGE_STANDARD = gnu99;
				GCC_DYNAMIC_NO_PIC = NO;
				GCC_NO_COMMON_BLOCKS = YES;
				GCC_OPTIMIZATION_LEVEL = 0;
				GCC_PREPROCESSOR_DEFINITIONS = (
					"DEBUG=1",
					"$(inherited)",
				);
				GCC_WARN_64_TO_32_BIT_CONVERSION = YES;
				GCC_WARN_ABOUT_RETURN_TYPE = YES_ERROR;
				GCC_WARN_UNDECLARED_SELECTOR = YES;
				GCC_WARN_UNINITIALIZED_AUTOS = YES_AGGRESSIVE;
				GCC_WARN_UNUSED_FUNCTION = YES;
				GCC_WARN_UNUSED_VARIABLE = YES;
				IPHONEOS_DEPLOYMENT_TARGET = 9.3;
				MTL_ENABLE_DEBUG_INFO = YES;
				ONLY_ACTIVE_ARCH = YES;
				SDKROOT = iphoneos;
				SWIFT_OPTIMIZATION_LEVEL = "-Onone";
				TARGETED_DEVICE_FAMILY = "1,2";
			};
			name = Debug;
		};
		B9BA80951CFE890C005D89C4 /* Release */ = {
			isa = XCBuildConfiguration;
			buildSettings = {
				ALWAYS_SEARCH_USER_PATHS = NO;
				CLANG_ANALYZER_NONNULL = YES;
				CLANG_CXX_LANGUAGE_STANDARD = "gnu++0x";
				CLANG_CXX_LIBRARY = "libc++";
				CLANG_ENABLE_MODULES = YES;
				CLANG_ENABLE_OBJC_ARC = YES;
				CLANG_WARN_BOOL_CONVERSION = YES;
				CLANG_WARN_CONSTANT_CONVERSION = YES;
				CLANG_WARN_DIRECT_OBJC_ISA_USAGE = YES_ERROR;
				CLANG_WARN_EMPTY_BODY = YES;
				CLANG_WARN_ENUM_CONVERSION = YES;
				CLANG_WARN_INFINITE_RECURSION = YES;
				CLANG_WARN_INT_CONVERSION = YES;
				CLANG_WARN_OBJC_ROOT_CLASS = YES_ERROR;
				CLANG_WARN_SUSPICIOUS_MOVE = YES;
				CLANG_WARN_UNREACHABLE_CODE = YES;
				CLANG_WARN__DUPLICATE_METHOD_MATCH = YES;
				"CODE_SIGN_IDENTITY[sdk=iphoneos*]" = "iPhone Developer";
				COPY_PHASE_STRIP = NO;
				DEBUG_INFORMATION_FORMAT = "dwarf-with-dsym";
				ENABLE_NS_ASSERTIONS = NO;
				ENABLE_STRICT_OBJC_MSGSEND = YES;
				GCC_C_LANGUAGE_STANDARD = gnu99;
				GCC_NO_COMMON_BLOCKS = YES;
				GCC_WARN_64_TO_32_BIT_CONVERSION = YES;
				GCC_WARN_ABOUT_RETURN_TYPE = YES_ERROR;
				GCC_WARN_UNDECLARED_SELECTOR = YES;
				GCC_WARN_UNINITIALIZED_AUTOS = YES_AGGRESSIVE;
				GCC_WARN_UNUSED_FUNCTION = YES;
				GCC_WARN_UNUSED_VARIABLE = YES;
				IPHONEOS_DEPLOYMENT_TARGET = 9.3;
				MTL_ENABLE_DEBUG_INFO = NO;
				SDKROOT = iphoneos;
				SWIFT_OPTIMIZATION_LEVEL = "-Owholemodule";
				TARGETED_DEVICE_FAMILY = "1,2";
				VALIDATE_PRODUCT = YES;
			};
			name = Release;
		};
		B9BA80971CFE890C005D89C4 /* Debug */ = {
			isa = XCBuildConfiguration;
			buildSettings = {
				ASSETCATALOG_COMPILER_APPICON_NAME = AppIcon;
				CLANG_ENABLE_MODULES = YES;
				CODE_SIGN_IDENTITY = "iPhone Developer";
				DEVELOPMENT_TEAM = VLSV2NXLX7;
				INFOPLIST_FILE = Sprout/Info.plist;
				LD_RUNPATH_SEARCH_PATHS = "$(inherited) @executable_path/Frameworks";
				PRODUCT_BUNDLE_IDENTIFIER = Sprout.test;
				PRODUCT_NAME = "$(TARGET_NAME)";
				SWIFT_OBJC_BRIDGING_HEADER = "Sprout/Sprout-Bridging-Header.h";
				SWIFT_OPTIMIZATION_LEVEL = "-Onone";
				SWIFT_VERSION = 3.0;
				TARGETED_DEVICE_FAMILY = 1;
			};
			name = Debug;
		};
		B9BA80981CFE890C005D89C4 /* Release */ = {
			isa = XCBuildConfiguration;
			buildSettings = {
				ASSETCATALOG_COMPILER_APPICON_NAME = AppIcon;
				CLANG_ENABLE_MODULES = YES;
				CODE_SIGN_IDENTITY = "iPhone Developer";
				DEVELOPMENT_TEAM = VLSV2NXLX7;
				INFOPLIST_FILE = Sprout/Info.plist;
				LD_RUNPATH_SEARCH_PATHS = "$(inherited) @executable_path/Frameworks";
				PRODUCT_BUNDLE_IDENTIFIER = Sprout.test;
				PRODUCT_NAME = "$(TARGET_NAME)";
				SWIFT_OBJC_BRIDGING_HEADER = "Sprout/Sprout-Bridging-Header.h";
				SWIFT_VERSION = 3.0;
				TARGETED_DEVICE_FAMILY = 1;
			};
			name = Release;
		};
		B9BA809A1CFE890C005D89C4 /* Debug */ = {
			isa = XCBuildConfiguration;
			buildSettings = {
				BUNDLE_LOADER = "$(TEST_HOST)";
				INFOPLIST_FILE = SproutTests/Info.plist;
				LD_RUNPATH_SEARCH_PATHS = "$(inherited) @executable_path/Frameworks @loader_path/Frameworks";
				PRODUCT_BUNDLE_IDENTIFIER = Sprout.SproutTests;
				PRODUCT_NAME = "$(TARGET_NAME)";
				SWIFT_VERSION = 3.0;
				TEST_HOST = "$(BUILT_PRODUCTS_DIR)/Sprout.app/Sprout";
			};
			name = Debug;
		};
		B9BA809B1CFE890C005D89C4 /* Release */ = {
			isa = XCBuildConfiguration;
			buildSettings = {
				BUNDLE_LOADER = "$(TEST_HOST)";
				INFOPLIST_FILE = SproutTests/Info.plist;
				LD_RUNPATH_SEARCH_PATHS = "$(inherited) @executable_path/Frameworks @loader_path/Frameworks";
				PRODUCT_BUNDLE_IDENTIFIER = Sprout.SproutTests;
				PRODUCT_NAME = "$(TARGET_NAME)";
				SWIFT_VERSION = 3.0;
				TEST_HOST = "$(BUILT_PRODUCTS_DIR)/Sprout.app/Sprout";
			};
			name = Release;
		};
		B9BA809D1CFE890C005D89C4 /* Debug */ = {
			isa = XCBuildConfiguration;
			buildSettings = {
				INFOPLIST_FILE = SproutUITests/Info.plist;
				LD_RUNPATH_SEARCH_PATHS = "$(inherited) @executable_path/Frameworks @loader_path/Frameworks";
				PRODUCT_BUNDLE_IDENTIFIER = Sprout.SproutUITests;
				PRODUCT_NAME = "$(TARGET_NAME)";
				SWIFT_VERSION = 3.0;
				TEST_TARGET_NAME = Sprout;
			};
			name = Debug;
		};
		B9BA809E1CFE890C005D89C4 /* Release */ = {
			isa = XCBuildConfiguration;
			buildSettings = {
				INFOPLIST_FILE = SproutUITests/Info.plist;
				LD_RUNPATH_SEARCH_PATHS = "$(inherited) @executable_path/Frameworks @loader_path/Frameworks";
				PRODUCT_BUNDLE_IDENTIFIER = Sprout.SproutUITests;
				PRODUCT_NAME = "$(TARGET_NAME)";
				SWIFT_VERSION = 3.0;
				TEST_TARGET_NAME = Sprout;
			};
			name = Release;
		};
/* End XCBuildConfiguration section */

/* Begin XCConfigurationList section */
		B9BA80691CFE8909005D89C4 /* Build configuration list for PBXProject "Sprout" */ = {
			isa = XCConfigurationList;
			buildConfigurations = (
				B9BA80941CFE890C005D89C4 /* Debug */,
				B9BA80951CFE890C005D89C4 /* Release */,
			);
			defaultConfigurationIsVisible = 0;
			defaultConfigurationName = Release;
		};
		B9BA80961CFE890C005D89C4 /* Build configuration list for PBXNativeTarget "Sprout" */ = {
			isa = XCConfigurationList;
			buildConfigurations = (
				B9BA80971CFE890C005D89C4 /* Debug */,
				B9BA80981CFE890C005D89C4 /* Release */,
			);
			defaultConfigurationIsVisible = 0;
			defaultConfigurationName = Release;
		};
		B9BA80991CFE890C005D89C4 /* Build configuration list for PBXNativeTarget "SproutTests" */ = {
			isa = XCConfigurationList;
			buildConfigurations = (
				B9BA809A1CFE890C005D89C4 /* Debug */,
				B9BA809B1CFE890C005D89C4 /* Release */,
			);
			defaultConfigurationIsVisible = 0;
			defaultConfigurationName = Release;
		};
		B9BA809C1CFE890C005D89C4 /* Build configuration list for PBXNativeTarget "SproutUITests" */ = {
			isa = XCConfigurationList;
			buildConfigurations = (
				B9BA809D1CFE890C005D89C4 /* Debug */,
				B9BA809E1CFE890C005D89C4 /* Release */,
			);
			defaultConfigurationIsVisible = 0;
			defaultConfigurationName = Release;
		};
/* End XCConfigurationList section */
	};
	rootObject = B9BA80661CFE8909005D89C4 /* Project object */;
}
